<?xml version="1.0" encoding="utf-8"?>
<Project ToolsVersion="4.0" xmlns="http://schemas.microsoft.com/developer/msbuild/2003">
  <ItemGroup>
    <Filter Include="Source Files">
      <UniqueIdentifier>{4FC737F1-C7A5-4376-A066-2A32D752A2FF}</UniqueIdentifier>
      <Extensions>cpp;c;cc;cxx;def;odl;idl;hpj;bat;asm;asmx</Extensions>
    </Filter>
    <Filter Include="Header Files">
      <UniqueIdentifier>{93995380-89BD-4b04-88EB-625FBE52EBFB}</UniqueIdentifier>
      <Extensions>h;hh;hpp;hxx;hm;inl;inc;xsd</Extensions>
    </Filter>
    <Filter Include="Resource Files">
      <UniqueIdentifier>{D9D6E242-F8AF-46E4-B9FD-80ECBC20BA3E}</UniqueIdentifier>
      <Extensions>qrc;*</Extensions>
      <ParseFiles>false</ParseFiles>
    </Filter>
    <Filter Include="Resource Files">
      <UniqueIdentifier>{D9D6E242-F8AF-46E4-B9FD-80ECBC20BA3E}</UniqueIdentifier>
      <Extensions>qrc;*</Extensions>
      <ParseFiles>false</ParseFiles>
    </Filter>
    <Filter Include="Generated Files">
      <UniqueIdentifier>{71ED8ED8-ACB9-4CE9-BBE1-E00B30144E11}</UniqueIdentifier>
      <Extensions>moc;h;cpp</Extensions>
      <SourceControlFiles>False</SourceControlFiles>
    </Filter>
    <Filter Include="Polyhedron">
      <UniqueIdentifier>{3a72e914-0c5a-4e79-9b4b-1749cc130880}</UniqueIdentifier>
    </Filter>
    <Filter Include="Classification">
      <UniqueIdentifier>{e58d6459-d539-421a-b175-0f1efca1b197}</UniqueIdentifier>
    </Filter>
  </ItemGroup>
  <ItemGroup>
    <ClCompile Include="main.cpp">
      <Filter>Source Files</Filter>
    </ClCompile>
    <ClCompile Include="pctio.cpp">
      <Filter>Source Files</Filter>
    </ClCompile>
    <ClCompile Include="Setting.cpp">
      <Filter>Source Files</Filter>
    </ClCompile>
    <ClCompile Include="GroundExtract.cpp">
      <Filter>Source Files</Filter>
    </ClCompile>
    <ClCompile Include="GridProcess.cpp">
      <Filter>Source Files</Filter>
    </ClCompile>
    <ClCompile Include="Common.cpp">
      <Filter>Source Files</Filter>
    </ClCompile>
    <ClCompile Include="BingHaiProcess.cpp">
      <Filter>Source Files</Filter>
    </ClCompile>
    <ClCompile Include="Polyhedron\Color_ramp.cpp">
      <Filter>Polyhedron</Filter>
    </ClCompile>
    <ClCompile Include="Polyhedron\moc_Scene_item.cpp">
      <Filter>Polyhedron</Filter>
    </ClCompile>
    <ClCompile Include="Polyhedron\moc_Scene_points_with_normal_item.cpp">
      <Filter>Polyhedron</Filter>
    </ClCompile>
    <ClCompile Include="Polyhedron\Scene_item.cpp">
      <Filter>Polyhedron</Filter>
    </ClCompile>
    <ClCompile Include="Polyhedron\Scene_points_with_normal_item.cpp">
      <Filter>Polyhedron</Filter>
    </ClCompile>
    <ClCompile Include="Classification\Point_set_item_classification.cpp">
      <Filter>Classification</Filter>
    </ClCompile>
    <ClCompile Include="CgalClassif.cpp">
      <Filter>Source Files</Filter>
    </ClCompile>
  </ItemGroup>
  <ItemGroup>
    <ClInclude Include="pctio.h">
      <Filter>Header Files</Filter>
    </ClInclude>
    <ClInclude Include="Setting.h">
      <Filter>Header Files</Filter>
    </ClInclude>
    <ClInclude Include="CoorConv.hpp">
      <Filter>Header Files</Filter>
    </ClInclude>
    <ClInclude Include="GroundExtract.h">
      <Filter>Header Files</Filter>
    </ClInclude>
    <ClInclude Include="GridProcess.h">
      <Filter>Header Files</Filter>
    </ClInclude>
    <ClInclude Include="Common.h">
      <Filter>Header Files</Filter>
    </ClInclude>
    <ClInclude Include="BingHaiProcess.h">
      <Filter>Header Files</Filter>
    </ClInclude>
    <ClInclude Include="Classification\Item_classification_base.h">
      <Filter>Classification</Filter>
    </ClInclude>
    <ClInclude Include="Classification\Point_set_item_classification.h">
      <Filter>Classification</Filter>
    </ClInclude>
    <ClInclude Include="CgalClassif.h">
      <Filter>Header Files</Filter>
    </ClInclude>
  </ItemGroup>
</Project>